# THIS IS AN AUTOGENERATED FILE. DO NOT EDIT THIS FILE DIRECTLY.
# yarn lockfile v1


"@angular/animations@^7.2.15":
  version "7.2.15"
  resolved "https://registry.yarnpkg.com/@angular/animations/-/animations-7.2.15.tgz#980c1f523a79d4b7cb44508f57fba06f2e0872fa"
  integrity sha512-8oBt3HLgd2+kyJHUgsd7OzKCCss67t2sch15XNoIWlOLfxclqU+EfFE6t/vCzpT8/+lpZS6LU9ZrTnb+UBj5jg==
  dependencies:
    tslib "^1.9.0"

"@angular/cdk@^7.3.7":
  version "7.3.7"
  resolved "https://registry.yarnpkg.com/@angular/cdk/-/cdk-7.3.7.tgz#ce1ad53ba04beb9c8e950acc5691ea0143753764"
  integrity sha512-xbXxhHHKGkVuW6K7pzPmvpJXIwpl0ykBnvA2g+/7Sgy5Pd35wCC+UtHD9RYczDM/mkygNxMQtagyCErwFnDtQA==
  dependencies:
    tslib "^1.7.1"
  optionalDependencies:
    parse5 "^5.0.0"

"@angular/material@^7.3.7":
  version "7.3.7"
  resolved "https://registry.yarnpkg.com/@angular/material/-/material-7.3.7.tgz#dcd95e6618ba6254c5880efee1aad349cf5b9140"
  integrity sha512-Eq+7frkeNGkLOfEtmkmJgR+AgoWajOipXZWWfCSamNfpCcPof82DwvGOpAmgGni9FuN2XFQdqP5MoaffQzIvUA==
  dependencies:
    tslib "^1.7.1"

bootstrap@^4.3.1:
  version "4.3.1"
  resolved "https://registry.yarnpkg.com/bootstrap/-/bootstrap-4.3.1.tgz#280ca8f610504d99d7b6b4bfc4b68cec601704ac"
  integrity sha512-rXqOmH1VilAt2DyPzluTi2blhk17bO7ef+zLLPlWvG494pDxcM234pJ8wTc/6R40UWizAIIMgxjvxZg5kmsbag==

parse5@^5.0.0:
  version "5.1.0"
  resolved "https://registry.yarnpkg.com/parse5/-/parse5-5.1.0.tgz#c59341c9723f414c452975564c7c00a68d58acd2"
  integrity sha512-fxNG2sQjHvlVAYmzBZS9YlDp6PTSSDwa98vkD4QgVDDCAo84z5X1t5XyJQ62ImdLXx5NdIIfihey6xpum9/gRQ==

tslib@^1.7.1, tslib@^1.9.0:
  version "1.9.3"
  resolved "https://registry.yarnpkg.com/tslib/-/tslib-1.9.3.tgz#d7e4dd79245d85428c4d7e4822a79917954ca286"
  integrity sha512-4krF8scpejhaOgqzBEcGM7yDIEfi0/8+8zDRZhNZZ2kjmHJ4hv3zCbQWxoJGz1iw5U0Jl0nma13xzHXcncMavQ==
